// !$*UTF8*$!
{
	archiveVersion = 1;
	classes = {
	};
	objectVersion = 56;
	objects = {

/* Begin PBXBuildFile section */
		455C076D29EDA9DE002E5423 /* DetailViewController.swift in Sources */ = {isa = PBXBuildFile; fileRef = 455C076C29EDA9DE002E5423 /* DetailViewController.swift */; };
		455C076F29EDA9FF002E5423 /* DetailView.swift in Sources */ = {isa = PBXBuildFile; fileRef = 455C076E29EDA9FF002E5423 /* DetailView.swift */; };
		455C077129F0B72E002E5423 /* AppFactory.swift in Sources */ = {isa = PBXBuildFile; fileRef = 455C077029F0B72E002E5423 /* AppFactory.swift */; };
		455C077329F0B763002E5423 /* Module.swift in Sources */ = {isa = PBXBuildFile; fileRef = 455C077229F0B763002E5423 /* Module.swift */; };
		455C077529F0B864002E5423 /* ListViewModel.swift in Sources */ = {isa = PBXBuildFile; fileRef = 455C077429F0B864002E5423 /* ListViewModel.swift */; };
		455C077729F0BA1A002E5423 /* Coordinatable.swift in Sources */ = {isa = PBXBuildFile; fileRef = 455C077629F0BA1A002E5423 /* Coordinatable.swift */; };
		455C077929F0BA7F002E5423 /* AppCoordinator.swift in Sources */ = {isa = PBXBuildFile; fileRef = 455C077829F0BA7F002E5423 /* AppCoordinator.swift */; };
		455C078329F0C020002E5423 /* NetworkModel.swift in Sources */ = {isa = PBXBuildFile; fileRef = 455C078229F0C020002E5423 /* NetworkModel.swift */; };
		458B873529E9B8E300A5B3AD /* AppDelegate.swift in Sources */ = {isa = PBXBuildFile; fileRef = 458B873429E9B8E300A5B3AD /* AppDelegate.swift */; };
		458B873729E9B8E300A5B3AD /* SceneDelegate.swift in Sources */ = {isa = PBXBuildFile; fileRef = 458B873629E9B8E300A5B3AD /* SceneDelegate.swift */; };
		458B873929E9B8E300A5B3AD /* ListViewController.swift in Sources */ = {isa = PBXBuildFile; fileRef = 458B873829E9B8E300A5B3AD /* ListViewController.swift */; };
		458B873C29E9B8E300A5B3AD /* Main.storyboard in Resources */ = {isa = PBXBuildFile; fileRef = 458B873A29E9B8E300A5B3AD /* Main.storyboard */; };
		458B873E29E9B8E600A5B3AD /* Assets.xcassets in Resources */ = {isa = PBXBuildFile; fileRef = 458B873D29E9B8E600A5B3AD /* Assets.xcassets */; };
		458B874129E9B8E600A5B3AD /* LaunchScreen.storyboard in Resources */ = {isa = PBXBuildFile; fileRef = 458B873F29E9B8E600A5B3AD /* LaunchScreen.storyboard */; };
		458B874929E9BA3900A5B3AD /* NetworkManager.swift in Sources */ = {isa = PBXBuildFile; fileRef = 458B874829E9BA3900A5B3AD /* NetworkManager.swift */; };
		458B874B29E9CC8D00A5B3AD /* ListCollectionViewCell.swift in Sources */ = {isa = PBXBuildFile; fileRef = 458B874A29E9CC8D00A5B3AD /* ListCollectionViewCell.swift */; };
		458B874D29E9D01700A5B3AD /* Model.swift in Sources */ = {isa = PBXBuildFile; fileRef = 458B874C29E9D01700A5B3AD /* Model.swift */; };
		45A2FA1629EC77EC0041CFD9 /* ImageView + Labels.swift in Sources */ = {isa = PBXBuildFile; fileRef = 45A2FA1529EC77EC0041CFD9 /* ImageView + Labels.swift */; };
/* End PBXBuildFile section */

/* Begin PBXFileReference section */
		455C076C29EDA9DE002E5423 /* DetailViewController.swift */ = {isa = PBXFileReference; lastKnownFileType = sourcecode.swift; path = DetailViewController.swift; sourceTree = "<group>"; };
		455C076E29EDA9FF002E5423 /* DetailView.swift */ = {isa = PBXFileReference; lastKnownFileType = sourcecode.swift; path = DetailView.swift; sourceTree = "<group>"; };
		455C077029F0B72E002E5423 /* AppFactory.swift */ = {isa = PBXFileReference; lastKnownFileType = sourcecode.swift; path = AppFactory.swift; sourceTree = "<group>"; };
		455C077229F0B763002E5423 /* Module.swift */ = {isa = PBXFileReference; lastKnownFileType = sourcecode.swift; path = Module.swift; sourceTree = "<group>"; };
		455C077429F0B864002E5423 /* ListViewModel.swift */ = {isa = PBXFileReference; lastKnownFileType = sourcecode.swift; path = ListViewModel.swift; sourceTree = "<group>"; };
		455C077629F0BA1A002E5423 /* Coordinatable.swift */ = {isa = PBXFileReference; lastKnownFileType = sourcecode.swift; path = Coordinatable.swift; sourceTree = "<group>"; };
		455C077829F0BA7F002E5423 /* AppCoordinator.swift */ = {isa = PBXFileReference; lastKnownFileType = sourcecode.swift; path = AppCoordinator.swift; sourceTree = "<group>"; };
		455C078229F0C020002E5423 /* NetworkModel.swift */ = {isa = PBXFileReference; lastKnownFileType = sourcecode.swift; path = NetworkModel.swift; sourceTree = "<group>"; };
		458B873129E9B8E300A5B3AD /* IPTest.app */ = {isa = PBXFileReference; explicitFileType = wrapper.application; includeInIndex = 0; path = IPTest.app; sourceTree = BUILT_PRODUCTS_DIR; };
		458B873429E9B8E300A5B3AD /* AppDelegate.swift */ = {isa = PBXFileReference; lastKnownFileType = sourcecode.swift; path = AppDelegate.swift; sourceTree = "<group>"; };
		458B873629E9B8E300A5B3AD /* SceneDelegate.swift */ = {isa = PBXFileReference; lastKnownFileType = sourcecode.swift; path = SceneDelegate.swift; sourceTree = "<group>"; };
		458B873829E9B8E300A5B3AD /* ListViewController.swift */ = {isa = PBXFileReference; lastKnownFileType = sourcecode.swift; path = ListViewController.swift; sourceTree = "<group>"; };
		458B873B29E9B8E300A5B3AD /* Base */ = {isa = PBXFileReference; lastKnownFileType = file.storyboard; name = Base; path = Base.lproj/Main.storyboard; sourceTree = "<group>"; };
		458B873D29E9B8E600A5B3AD /* Assets.xcassets */ = {isa = PBXFileReference; lastKnownFileType = folder.assetcatalog; path = Assets.xcassets; sourceTree = "<group>"; };
		458B874029E9B8E600A5B3AD /* Base */ = {isa = PBXFileReference; lastKnownFileType = file.storyboard; name = Base; path = Base.lproj/LaunchScreen.storyboard; sourceTree = "<group>"; };
		458B874229E9B8E600A5B3AD /* Info.plist */ = {isa = PBXFileReference; lastKnownFileType = text.plist.xml; path = Info.plist; sourceTree = "<group>"; };
		458B874829E9BA3900A5B3AD /* NetworkManager.swift */ = {isa = PBXFileReference; lastKnownFileType = sourcecode.swift; path = NetworkManager.swift; sourceTree = "<group>"; };
		458B874A29E9CC8D00A5B3AD /* ListCollectionViewCell.swift */ = {isa = PBXFileReference; lastKnownFileType = sourcecode.swift; path = ListCollectionViewCell.swift; sourceTree = "<group>"; };
		458B874C29E9D01700A5B3AD /* Model.swift */ = {isa = PBXFileReference; lastKnownFileType = sourcecode.swift; path = Model.swift; sourceTree = "<group>"; };
		45A2FA1529EC77EC0041CFD9 /* ImageView + Labels.swift */ = {isa = PBXFileReference; lastKnownFileType = sourcecode.swift; path = "ImageView + Labels.swift"; sourceTree = "<group>"; };
/* End PBXFileReference section */

/* Begin PBXFrameworksBuildPhase section */
		458B872E29E9B8E300A5B3AD /* Frameworks */ = {
			isa = PBXFrameworksBuildPhase;
			buildActionMask = 2147483647;
			files = (
			);
			runOnlyForDeploymentPostprocessing = 0;
		};
/* End PBXFrameworksBuildPhase section */

/* Begin PBXGroup section */
		455C077A29F0BE2A002E5423 /* Extensions */ = {
			isa = PBXGroup;
			children = (
				45A2FA1529EC77EC0041CFD9 /* ImageView + Labels.swift */,
			);
			path = Extensions;
			sourceTree = "<group>";
		};
		455C077B29F0BE4C002E5423 /* Factory */ = {
			isa = PBXGroup;
			children = (
				455C077829F0BA7F002E5423 /* AppCoordinator.swift */,
				455C077029F0B72E002E5423 /* AppFactory.swift */,
			);
			path = Factory;
			sourceTree = "<group>";
		};
		455C077C29F0BE6D002E5423 /* Module */ = {
			isa = PBXGroup;
			children = (
				455C077229F0B763002E5423 /* Module.swift */,
				455C078129F0BF2D002E5423 /* Modules */,
			);
			path = Module;
			sourceTree = "<group>";
		};
		455C077D29F0BEA0002E5423 /* Networking */ = {
			isa = PBXGroup;
			children = (
				458B874829E9BA3900A5B3AD /* NetworkManager.swift */,
				455C078229F0C020002E5423 /* NetworkModel.swift */,
			);
			path = Networking;
			sourceTree = "<group>";
		};
		455C077F29F0BEEC002E5423 /* List */ = {
			isa = PBXGroup;
			children = (
				458B873829E9B8E300A5B3AD /* ListViewController.swift */,
				458B874A29E9CC8D00A5B3AD /* ListCollectionViewCell.swift */,
				455C077429F0B864002E5423 /* ListViewModel.swift */,
				455C076C29EDA9DE002E5423 /* DetailViewController.swift */,
				455C076E29EDA9FF002E5423 /* DetailView.swift */,
			);
			path = List;
			sourceTree = "<group>";
		};
		455C078129F0BF2D002E5423 /* Modules */ = {
			isa = PBXGroup;
			children = (
				455C077F29F0BEEC002E5423 /* List */,
			);
			path = Modules;
			sourceTree = "<group>";
		};
		458B872829E9B8E300A5B3AD = {
			isa = PBXGroup;
			children = (
				458B873329E9B8E300A5B3AD /* IPTest */,
				458B873229E9B8E300A5B3AD /* Products */,
			);
			sourceTree = "<group>";
		};
		458B873229E9B8E300A5B3AD /* Products */ = {
			isa = PBXGroup;
			children = (
				458B873129E9B8E300A5B3AD /* IPTest.app */,
			);
			name = Products;
			sourceTree = "<group>";
		};
		458B873329E9B8E300A5B3AD /* IPTest */ = {
			isa = PBXGroup;
			children = (
				458B873429E9B8E300A5B3AD /* AppDelegate.swift */,
				458B873629E9B8E300A5B3AD /* SceneDelegate.swift */,
				455C077A29F0BE2A002E5423 /* Extensions */,
				455C077B29F0BE4C002E5423 /* Factory */,
				455C077C29F0BE6D002E5423 /* Module */,
				455C077D29F0BEA0002E5423 /* Networking */,
				458B874C29E9D01700A5B3AD /* Model.swift */,
				455C077629F0BA1A002E5423 /* Coordinatable.swift */,
				458B873A29E9B8E300A5B3AD /* Main.storyboard */,
				458B873D29E9B8E600A5B3AD /* Assets.xcassets */,
				458B873F29E9B8E600A5B3AD /* LaunchScreen.storyboard */,
				458B874229E9B8E600A5B3AD /* Info.plist */,
			);
			path = IPTest;
			sourceTree = "<group>";
		};
/* End PBXGroup section */

/* Begin PBXNativeTarget section */
		458B873029E9B8E300A5B3AD /* IPTest */ = {
			isa = PBXNativeTarget;
			buildConfigurationList = 458B874529E9B8E600A5B3AD /* Build configuration list for PBXNativeTarget "IPTest" */;
			buildPhases = (
				458B872D29E9B8E300A5B3AD /* Sources */,
				458B872E29E9B8E300A5B3AD /* Frameworks */,
				458B872F29E9B8E300A5B3AD /* Resources */,
			);
			buildRules = (
			);
			dependencies = (
			);
			name = IPTest;
			productName = IPTest;
			productReference = 458B873129E9B8E300A5B3AD /* IPTest.app */;
			productType = "com.apple.product-type.application";
		};
/* End PBXNativeTarget section */

/* Begin PBXProject section */
		458B872929E9B8E300A5B3AD /* Project object */ = {
			isa = PBXProject;
			attributes = {
				BuildIndependentTargetsInParallel = 1;
				LastSwiftUpdateCheck = 1410;
				LastUpgradeCheck = 1410;
				TargetAttributes = {
					458B873029E9B8E300A5B3AD = {
						CreatedOnToolsVersion = 14.1;
					};
				};
			};
			buildConfigurationList = 458B872C29E9B8E300A5B3AD /* Build configuration list for PBXProject "IPTest" */;
			compatibilityVersion = "Xcode 14.0";
			developmentRegion = en;
			hasScannedForEncodings = 0;
			knownRegions = (
				en,
				Base,
			);
			mainGroup = 458B872829E9B8E300A5B3AD;
			productRefGroup = 458B873229E9B8E300A5B3AD /* Products */;
			projectDirPath = "";
			projectRoot = "";
			targets = (
				458B873029E9B8E300A5B3AD /* IPTest */,
			);
		};
/* End PBXProject section */

/* Begin PBXResourcesBuildPhase section */
		458B872F29E9B8E300A5B3AD /* Resources */ = {
			isa = PBXResourcesBuildPhase;
			buildActionMask = 2147483647;
			files = (
				458B874129E9B8E600A5B3AD /* LaunchScreen.storyboard in Resources */,
				458B873E29E9B8E600A5B3AD /* Assets.xcassets in Resources */,
				458B873C29E9B8E300A5B3AD /* Main.storyboard in Resources */,
			);
			runOnlyForDeploymentPostprocessing = 0;
		};
/* End PBXResourcesBuildPhase section */

/* Begin PBXSourcesBuildPhase section */
		458B872D29E9B8E300A5B3AD /* Sources */ = {
			isa = PBXSourcesBuildPhase;
			buildActionMask = 2147483647;
			files = (
				458B874929E9BA3900A5B3AD /* NetworkManager.swift in Sources */,
				455C076F29EDA9FF002E5423 /* DetailView.swift in Sources */,
				455C077529F0B864002E5423 /* ListViewModel.swift in Sources */,
				455C078329F0C020002E5423 /* NetworkModel.swift in Sources */,
				458B874B29E9CC8D00A5B3AD /* ListCollectionViewCell.swift in Sources */,
				458B873929E9B8E300A5B3AD /* ListViewController.swift in Sources */,
				455C077129F0B72E002E5423 /* AppFactory.swift in Sources */,
				455C077929F0BA7F002E5423 /* AppCoordinator.swift in Sources */,
				458B874D29E9D01700A5B3AD /* Model.swift in Sources */,
				455C077729F0BA1A002E5423 /* Coordinatable.swift in Sources */,
				45A2FA1629EC77EC0041CFD9 /* ImageView + Labels.swift in Sources */,
				458B873529E9B8E300A5B3AD /* AppDelegate.swift in Sources */,
				458B873729E9B8E300A5B3AD /* SceneDelegate.swift in Sources */,
				455C077329F0B763002E5423 /* Module.swift in Sources */,
				455C076D29EDA9DE002E5423 /* DetailViewController.swift in Sources */,
			);
			runOnlyForDeploymentPostprocessing = 0;
		};
/* End PBXSourcesBuildPhase section */

/* Begin PBXVariantGroup section */
		458B873A29E9B8E300A5B3AD /* Main.storyboard */ = {
			isa = PBXVariantGroup;
			children = (
				458B873B29E9B8E300A5B3AD /* Base */,
			);
			name = Main.storyboard;
			sourceTree = "<group>";
		};
		458B873F29E9B8E600A5B3AD /* LaunchScreen.storyboard */ = {
			isa = PBXVariantGroup;
			children = (
				458B874029E9B8E600A5B3AD /* Base */,
			);
			name = LaunchScreen.storyboard;
			sourceTree = "<group>";
		};
/* End PBXVariantGroup section */

/* Begin XCBuildConfiguration section */
		458B874329E9B8E600A5B3AD /* Debug */ = {
			isa = XCBuildConfiguration;
			buildSettings = {
				ALWAYS_SEARCH_USER_PATHS = NO;
				CLANG_ANALYZER_NONNULL = YES;
				CLANG_ANALYZER_NUMBER_OBJECT_CONVERSION = YES_AGGRESSIVE;
				CLANG_CXX_LANGUAGE_STANDARD = "gnu++20";
				CLANG_ENABLE_MODULES = YES;
				CLANG_ENABLE_OBJC_ARC = YES;
				CLANG_ENABLE_OBJC_WEAK = YES;
				CLANG_WARN_BLOCK_CAPTURE_AUTORELEASING = YES;
				CLANG_WARN_BOOL_CONVERSION = YES;
				CLANG_WARN_COMMA = YES;
				CLANG_WARN_CONSTANT_CONVERSION = YES;
				CLANG_WARN_DEPRECATED_OBJC_IMPLEMENTATIONS = YES;
				CLANG_WARN_DIRECT_OBJC_ISA_USAGE = YES_ERROR;
				CLANG_WARN_DOCUMENTATION_COMMENTS = YES;
				CLANG_WARN_EMPTY_BODY = YES;
				CLANG_WARN_ENUM_CONVERSION = YES;
				CLANG_WARN_INFINITE_RECURSION = YES;
				CLANG_WARN_INT_CONVERSION = YES;
				CLANG_WARN_NON_LITERAL_NULL_CONVERSION = YES;
				CLANG_WARN_OBJC_IMPLICIT_RETAIN_SELF = YES;
				CLANG_WARN_OBJC_LITERAL_CONVERSION = YES;
				CLANG_WARN_OBJC_ROOT_CLASS = YES_ERROR;
				CLANG_WARN_QUOTED_INCLUDE_IN_FRAMEWORK_HEADER = YES;
				CLANG_WARN_RANGE_LOOP_ANALYSIS = YES;
				CLANG_WARN_STRICT_PROTOTYPES = YES;
				CLANG_WARN_SUSPICIOUS_MOVE = YES;
				CLANG_WARN_UNGUARDED_AVAILABILITY = YES_AGGRESSIVE;
				CLANG_WARN_UNREACHABLE_CODE = YES;
				CLANG_WARN__DUPLICATE_METHOD_MATCH = YES;
				COPY_PHASE_STRIP = NO;
				DEBUG_INFORMATION_FORMAT = dwarf;
				ENABLE_STRICT_OBJC_MSGSEND = YES;
				ENABLE_TESTABILITY = YES;
				GCC_C_LANGUAGE_STANDARD = gnu11;
				GCC_DYNAMIC_NO_PIC = NO;
				GCC_NO_COMMON_BLOCKS = YES;
				GCC_OPTIMIZATION_LEVEL = 0;
				GCC_PREPROCESSOR_DEFINITIONS = (
					"DEBUG=1",
					"$(inherited)",
				);
				GCC_WARN_64_TO_32_BIT_CONVERSION = YES;
				GCC_WARN_ABOUT_RETURN_TYPE = YES_ERROR;
				GCC_WARN_UNDECLARED_SELECTOR = YES;
				GCC_WARN_UNINITIALIZED_AUTOS = YES_AGGRESSIVE;
				GCC_WARN_UNUSED_FUNCTION = YES;
				GCC_WARN_UNUSED_VARIABLE = YES;
				IPHONEOS_DEPLOYMENT_TARGET = 16.1;
				MTL_ENABLE_DEBUG_INFO = INCLUDE_SOURCE;
				MTL_FAST_MATH = YES;
				ONLY_ACTIVE_ARCH = YES;
				SDKROOT = iphoneos;
				SWIFT_ACTIVE_COMPILATION_CONDITIONS = DEBUG;
				SWIFT_OPTIMIZATION_LEVEL = "-Onone";
			};
			name = Debug;
		};
		458B874429E9B8E600A5B3AD /* Release */ = {
			isa = XCBuildConfiguration;
			buildSettings = {
				ALWAYS_SEARCH_USER_PATHS = NO;
				CLANG_ANALYZER_NONNULL = YES;
				CLANG_ANALYZER_NUMBER_OBJECT_CONVERSION = YES_AGGRESSIVE;
				CLANG_CXX_LANGUAGE_STANDARD = "gnu++20";
				CLANG_ENABLE_MODULES = YES;
				CLANG_ENABLE_OBJC_ARC = YES;
				CLANG_ENABLE_OBJC_WEAK = YES;
				CLANG_WARN_BLOCK_CAPTURE_AUTORELEASING = YES;
				CLANG_WARN_BOOL_CONVERSION = YES;
				CLANG_WARN_COMMA = YES;
				CLANG_WARN_CONSTANT_CONVERSION = YES;
				CLANG_WARN_DEPRECATED_OBJC_IMPLEMENTATIONS = YES;
				CLANG_WARN_DIRECT_OBJC_ISA_USAGE = YES_ERROR;
				CLANG_WARN_DOCUMENTATION_COMMENTS = YES;
				CLANG_WARN_EMPTY_BODY = YES;
				CLANG_WARN_ENUM_CONVERSION = YES;
				CLANG_WARN_INFINITE_RECURSION = YES;
				CLANG_WARN_INT_CONVERSION = YES;
				CLANG_WARN_NON_LITERAL_NULL_CONVERSION = YES;
				CLANG_WARN_OBJC_IMPLICIT_RETAIN_SELF = YES;
				CLANG_WARN_OBJC_LITERAL_CONVERSION = YES;
				CLANG_WARN_OBJC_ROOT_CLASS = YES_ERROR;
				CLANG_WARN_QUOTED_INCLUDE_IN_FRAMEWORK_HEADER = YES;
				CLANG_WARN_RANGE_LOOP_ANALYSIS = YES;
				CLANG_WARN_STRICT_PROTOTYPES = YES;
				CLANG_WARN_SUSPICIOUS_MOVE = YES;
				CLANG_WARN_UNGUARDED_AVAILABILITY = YES_AGGRESSIVE;
				CLANG_WARN_UNREACHABLE_CODE = YES;
				CLANG_WARN__DUPLICATE_METHOD_MATCH = YES;
				COPY_PHASE_STRIP = NO;
				DEBUG_INFORMATION_FORMAT = "dwarf-with-dsym";
				ENABLE_NS_ASSERTIONS = NO;
				ENABLE_STRICT_OBJC_MSGSEND = YES;
				GCC_C_LANGUAGE_STANDARD = gnu11;
				GCC_NO_COMMON_BLOCKS = YES;
				GCC_WARN_64_TO_32_BIT_CONVERSION = YES;
				GCC_WARN_ABOUT_RETURN_TYPE = YES_ERROR;
				GCC_WARN_UNDECLARED_SELECTOR = YES;
				GCC_WARN_UNINITIALIZED_AUTOS = YES_AGGRESSIVE;
				GCC_WARN_UNUSED_FUNCTION = YES;
				GCC_WARN_UNUSED_VARIABLE = YES;
				IPHONEOS_DEPLOYMENT_TARGET = 16.1;
				MTL_ENABLE_DEBUG_INFO = NO;
				MTL_FAST_MATH = YES;
				SDKROOT = iphoneos;
				SWIFT_COMPILATION_MODE = wholemodule;
				SWIFT_OPTIMIZATION_LEVEL = "-O";
				VALIDATE_PRODUCT = YES;
			};
			name = Release;
		};
		458B874629E9B8E600A5B3AD /* Debug */ = {
			isa = XCBuildConfiguration;
			buildSettings = {
				ASSETCATALOG_COMPILER_APPICON_NAME = AppIcon;
				ASSETCATALOG_COMPILER_GLOBAL_ACCENT_COLOR_NAME = AccentColor;
				CODE_SIGN_STYLE = Automatic;
				CURRENT_PROJECT_VERSION = 1;
				DEVELOPMENT_TEAM = JZPU7337NX;
				GENERATE_INFOPLIST_FILE = YES;
				INFOPLIST_FILE = IPTest/Info.plist;
				INFOPLIST_KEY_UIApplicationSupportsIndirectInputEvents = YES;
				INFOPLIST_KEY_UILaunchStoryboardName = LaunchScreen;
				INFOPLIST_KEY_UIMainStoryboardFile = "";
				INFOPLIST_KEY_UISupportedInterfaceOrientations_iPad = "UIInterfaceOrientationPortrait UIInterfaceOrientationPortraitUpsideDown UIInterfaceOrientationLandscapeLeft UIInterfaceOrientationLandscapeRight";
				INFOPLIST_KEY_UISupportedInterfaceOrientations_iPhone = "UIInterfaceOrientationPortrait UIInterfaceOrientationLandscapeLeft UIInterfaceOrientationLandscapeRight";
				LD_RUNPATH_SEARCH_PATHS = (
					"$(inherited)",
					"@executable_path/Frameworks",
				);
				MARKETING_VERSION = 1.0;
				PRODUCT_BUNDLE_IDENTIFIER = "Roman-Vronsky.IPTest";
				PRODUCT_NAME = "$(TARGET_NAME)";
				SWIFT_EMIT_LOC_STRINGS = YES;
				SWIFT_VERSION = 5.0;
				TARGETED_DEVICE_FAMILY = "1,2";
			};
			name = Debug;
		};
		458B874729E9B8E600A5B3AD /* Release */ = {
			isa = XCBuildConfiguration;
			buildSettings = {
				ASSETCATALOG_COMPILER_APPICON_NAME = AppIcon;
				ASSETCATALOG_COMPILER_GLOBAL_ACCENT_COLOR_NAME = AccentColor;
				CODE_SIGN_STYLE = Automatic;
				CURRENT_PROJECT_VERSION = 1;
				DEVELOPMENT_TEAM = JZPU7337NX;
				GENERATE_INFOPLIST_FILE = YES;
				INFOPLIST_FILE = IPTest/Info.plist;
				INFOPLIST_KEY_UIApplicationSupportsIndirectInputEvents = YES;
				INFOPLIST_KEY_UILaunchStoryboardName = LaunchScreen;
				INFOPLIST_KEY_UIMainStoryboardFile = "";
				INFOPLIST_KEY_UISupportedInterfaceOrientations_iPad = "UIInterfaceOrientationPortrait UIInterfaceOrientationPortraitUpsideDown UIInterfaceOrientationLandscapeLeft UIInterfaceOrientationLandscapeRight";
				INFOPLIST_KEY_UISupportedInterfaceOrientations_iPhone = "UIInterfaceOrientationPortrait UIInterfaceOrientationLandscapeLeft UIInterfaceOrientationLandscapeRight";
				LD_RUNPATH_SEARCH_PATHS = (
					"$(inherited)",
					"@executable_path/Frameworks",
				);
				MARKETING_VERSION = 1.0;
				PRODUCT_BUNDLE_IDENTIFIER = "Roman-Vronsky.IPTest";
				PRODUCT_NAME = "$(TARGET_NAME)";
				SWIFT_EMIT_LOC_STRINGS = YES;
				SWIFT_VERSION = 5.0;
				TARGETED_DEVICE_FAMILY = "1,2";
			};
			name = Release;
		};
/* End XCBuildConfiguration section */

/* Begin XCConfigurationList section */
		458B872C29E9B8E300A5B3AD /* Build configuration list for PBXProject "IPTest" */ = {
			isa = XCConfigurationList;
			buildConfigurations = (
				458B874329E9B8E600A5B3AD /* Debug */,
				458B874429E9B8E600A5B3AD /* Release */,
			);
			defaultConfigurationIsVisible = 0;
			defaultConfigurationName = Release;
		};
		458B874529E9B8E600A5B3AD /* Build configuration list for PBXNativeTarget "IPTest" */ = {
			isa = XCConfigurationList;
			buildConfigurations = (
				458B874629E9B8E600A5B3AD /* Debug */,
				458B874729E9B8E600A5B3AD /* Release */,
			);
			defaultConfigurationIsVisible = 0;
			defaultConfigurationName = Release;
		};
/* End XCConfigurationList section */
	};
	rootObject = 458B872929E9B8E300A5B3AD /* Project object */;
}
